// !$*UTF8*$!
{
	archiveVersion = 1;
	classes = {
	};
	objectVersion = 46;
	objects = {

/* Begin PBXBuildFile section */
		34647F621748323C00171D12 /* LoginViewController.m in Sources */ = {isa = PBXBuildFile; fileRef = 34647F601748323C00171D12 /* LoginViewController.m */; };
		34647F631748323C00171D12 /* LoginViewController_ipad.xib in Resources */ = {isa = PBXBuildFile; fileRef = 34647F611748323C00171D12 /* LoginViewController_ipad.xib */; };
		34647F65174838B100171D12 /* LoginViewController_iphone.xib in Resources */ = {isa = PBXBuildFile; fileRef = 34647F64174838B100171D12 /* LoginViewController_iphone.xib */; };
		34D194561747E5B800193599 /* UIKit.framework in Frameworks */ = {isa = PBXBuildFile; fileRef = 34D194551747E5B800193599 /* UIKit.framework */; };
		34D194581747E5B800193599 /* Foundation.framework in Frameworks */ = {isa = PBXBuildFile; fileRef = 34D194571747E5B800193599 /* Foundation.framework */; };
		34D1945A1747E5B800193599 /* CoreGraphics.framework in Frameworks */ = {isa = PBXBuildFile; fileRef = 34D194591747E5B800193599 /* CoreGraphics.framework */; };
		34D194601747E5B800193599 /* InfoPlist.strings in Resources */ = {isa = PBXBuildFile; fileRef = 34D1945E1747E5B800193599 /* InfoPlist.strings */; };
		34D194621747E5B800193599 /* main.m in Sources */ = {isa = PBXBuildFile; fileRef = 34D194611747E5B800193599 /* main.m */; };
		34D194661747E5B800193599 /* AppDelegate.m in Sources */ = {isa = PBXBuildFile; fileRef = 34D194651747E5B800193599 /* AppDelegate.m */; };
		34D194681747E5B800193599 /* Default.png in Resources */ = {isa = PBXBuildFile; fileRef = 34D194671747E5B800193599 /* Default.png */; };
		34D1946A1747E5B800193599 /* Default@2x.png in Resources */ = {isa = PBXBuildFile; fileRef = 34D194691747E5B800193599 /* Default@2x.png */; };
		34D1946C1747E5B800193599 /* Default-568h@2x.png in Resources */ = {isa = PBXBuildFile; fileRef = 34D1946B1747E5B800193599 /* Default-568h@2x.png */; };
		5F2DF9C31766D51300B33FE6 /* databaseList.m in Sources */ = {isa = PBXBuildFile; fileRef = 5F2DF9C01766D51300B33FE6 /* databaseList.m */; };
		5F2DF9C41766D51300B33FE6 /* myDatabaseList.m in Sources */ = {isa = PBXBuildFile; fileRef = 5F2DF9C21766D51300B33FE6 /* myDatabaseList.m */; };
		5F2DF9C81766D55300B33FE6 /* libsqlite3.0.dylib in Frameworks */ = {isa = PBXBuildFile; fileRef = 5F2DF9C71766D55200B33FE6 /* libsqlite3.0.dylib */; };
		5F2DF9D817671CA900B33FE6 /* DataLanguages.sqlite in Resources */ = {isa = PBXBuildFile; fileRef = 5F2DF9D717671CA800B33FE6 /* DataLanguages.sqlite */; };
		5F8F78EB17640D68006820B4 /* RegisterView.m in Sources */ = {isa = PBXBuildFile; fileRef = 5F8F78E917640D68006820B4 /* RegisterView.m */; };
		5F94487B1768DB9E005F125A /* LanguageVC.m in Sources */ = {isa = PBXBuildFile; fileRef = 5F9448791768DB9E005F125A /* LanguageVC.m */; };
		5F94487C1768DB9E005F125A /* LanguageVC.xib in Resources */ = {isa = PBXBuildFile; fileRef = 5F94487A1768DB9E005F125A /* LanguageVC.xib */; };
		5F94487E1768DC6C005F125A /* LanguageVC_iphone.xib in Resources */ = {isa = PBXBuildFile; fileRef = 5F94487D1768DC6C005F125A /* LanguageVC_iphone.xib */; };
		5F96688D176691B3007B1DC5 /* coursesViewController.m in Sources */ = {isa = PBXBuildFile; fileRef = 5F96688B176691B3007B1DC5 /* coursesViewController.m */; };
		5F96688E176691B3007B1DC5 /* coursesViewController.xib in Resources */ = {isa = PBXBuildFile; fileRef = 5F96688C176691B3007B1DC5 /* coursesViewController.xib */; };
		5F966892176691E4007B1DC5 /* coursesViewController_iphone.xib in Resources */ = {isa = PBXBuildFile; fileRef = 5F966891176691E4007B1DC5 /* coursesViewController_iphone.xib */; };
		5F972DBE1764066400412211 /* SettingManager.m in Sources */ = {isa = PBXBuildFile; fileRef = 5F972DBD1764066400412211 /* SettingManager.m */; };
		5F972DC11764091D00412211 /* checkbox-checked.png in Resources */ = {isa = PBXBuildFile; fileRef = 5F972DBF1764091D00412211 /* checkbox-checked.png */; };
		5F972DC21764091D00412211 /* checkbox.png in Resources */ = {isa = PBXBuildFile; fileRef = 5F972DC01764091D00412211 /* checkbox.png */; };
		5F980F8717659E90002AF7C8 /* RegisterView.xib in Resources */ = {isa = PBXBuildFile; fileRef = 5F980F8617659E90002AF7C8 /* RegisterView.xib */; };
		5FDE3028176385DB007F2A16 /* DataParse.m in Sources */ = {isa = PBXBuildFile; fileRef = 5FDE3025176385DB007F2A16 /* DataParse.m */; };
		5FDE3029176385DB007F2A16 /* JSONKit.m in Sources */ = {isa = PBXBuildFile; fileRef = 5FDE3027176385DB007F2A16 /* JSONKit.m */; settings = {COMPILER_FLAGS = "-fno-objc-arc"; }; };
		5FF4CD9B17892C9C0076D12F /* 57.png in Resources */ = {isa = PBXBuildFile; fileRef = 5FF4CD9A17892C9C0076D12F /* 57.png */; };
		5FF4CD9D17892CA00076D12F /* 114.png in Resources */ = {isa = PBXBuildFile; fileRef = 5FF4CD9C17892CA00076D12F /* 114.png */; };
		5FFDC87817613499007B19E0 /* MenuView.m in Sources */ = {isa = PBXBuildFile; fileRef = 5FFDC87617613499007B19E0 /* MenuView.m */; };
		5FFDC87D1761417A007B19E0 /* MenuView_iphone.xib in Resources */ = {isa = PBXBuildFile; fileRef = 5FFDC87C1761417A007B19E0 /* MenuView_iphone.xib */; };
		5FFDC87F176141A9007B19E0 /* MenuView_ipad.xib in Resources */ = {isa = PBXBuildFile; fileRef = 5FFDC87E176141A9007B19E0 /* MenuView_ipad.xib */; };
		5FFDC88E17614ADE007B19E0 /* TestViewController.m in Sources */ = {isa = PBXBuildFile; fileRef = 5FFDC88C17614ADE007B19E0 /* TestViewController.m */; };
		5FFDC88F17614ADE007B19E0 /* TestViewController_ipad.xib in Resources */ = {isa = PBXBuildFile; fileRef = 5FFDC88D17614ADE007B19E0 /* TestViewController_ipad.xib */; };
		5FFDC89317614AF6007B19E0 /* SettingViewController.m in Sources */ = {isa = PBXBuildFile; fileRef = 5FFDC89117614AF6007B19E0 /* SettingViewController.m */; };
		5FFDC89417614AF6007B19E0 /* SettingViewController.xib in Resources */ = {isa = PBXBuildFile; fileRef = 5FFDC89217614AF6007B19E0 /* SettingViewController.xib */; };
		5FFDC89817614B22007B19E0 /* IntroViewController.m in Sources */ = {isa = PBXBuildFile; fileRef = 5FFDC89617614B22007B19E0 /* IntroViewController.m */; };
		5FFDC89917614B22007B19E0 /* IntroViewController.xib in Resources */ = {isa = PBXBuildFile; fileRef = 5FFDC89717614B22007B19E0 /* IntroViewController.xib */; };
		5FFDC89D17614B5F007B19E0 /* LearnViewController.m in Sources */ = {isa = PBXBuildFile; fileRef = 5FFDC89B17614B5F007B19E0 /* LearnViewController.m */; };
		5FFDC89E17614B5F007B19E0 /* LearnViewController_ipad.xib in Resources */ = {isa = PBXBuildFile; fileRef = 5FFDC89C17614B5F007B19E0 /* LearnViewController_ipad.xib */; };
		5FFDC8A017614B75007B19E0 /* LearnViewController_iphone.xib in Resources */ = {isa = PBXBuildFile; fileRef = 5FFDC89F17614B75007B19E0 /* LearnViewController_iphone.xib */; };
		5FFDC8A217614BF0007B19E0 /* TestViewController_iphone.xib in Resources */ = {isa = PBXBuildFile; fileRef = 5FFDC8A117614BF0007B19E0 /* TestViewController_iphone.xib */; };
		5FFDD256176978EB00BDB7F6 /* sound_off.png in Resources */ = {isa = PBXBuildFile; fileRef = 5FFDD254176978EB00BDB7F6 /* sound_off.png */; };
		5FFDD257176978EB00BDB7F6 /* sound_on.png in Resources */ = {isa = PBXBuildFile; fileRef = 5FFDD255176978EB00BDB7F6 /* sound_on.png */; };
/* End PBXBuildFile section */

/* Begin PBXFileReference section */
		34647F5F1748323C00171D12 /* LoginViewController.h */ = {isa = PBXFileReference; fileEncoding = 4; lastKnownFileType = sourcecode.c.h; path = LoginViewController.h; sourceTree = "<group>"; };
		34647F601748323C00171D12 /* LoginViewController.m */ = {isa = PBXFileReference; fileEncoding = 4; lastKnownFileType = sourcecode.c.objc; path = LoginViewController.m; sourceTree = "<group>"; };
		34647F611748323C00171D12 /* LoginViewController_ipad.xib */ = {isa = PBXFileReference; fileEncoding = 4; lastKnownFileType = file.xib; path = LoginViewController_ipad.xib; sourceTree = "<group>"; };
		34647F64174838B100171D12 /* LoginViewController_iphone.xib */ = {isa = PBXFileReference; fileEncoding = 4; lastKnownFileType = file.xib; path = LoginViewController_iphone.xib; sourceTree = "<group>"; };
		34D194521747E5B800193599 /* ezV.app */ = {isa = PBXFileReference; explicitFileType = wrapper.application; includeInIndex = 0; path = ezV.app; sourceTree = BUILT_PRODUCTS_DIR; };
		34D194551747E5B800193599 /* UIKit.framework */ = {isa = PBXFileReference; lastKnownFileType = wrapper.framework; name = UIKit.framework; path = System/Library/Frameworks/UIKit.framework; sourceTree = SDKROOT; };
		34D194571747E5B800193599 /* Foundation.framework */ = {isa = PBXFileReference; lastKnownFileType = wrapper.framework; name = Foundation.framework; path = System/Library/Frameworks/Foundation.framework; sourceTree = SDKROOT; };
		34D194591747E5B800193599 /* CoreGraphics.framework */ = {isa = PBXFileReference; lastKnownFileType = wrapper.framework; name = CoreGraphics.framework; path = System/Library/Frameworks/CoreGraphics.framework; sourceTree = SDKROOT; };
		34D1945D1747E5B800193599 /* ezV-Info.plist */ = {isa = PBXFileReference; lastKnownFileType = text.plist.xml; path = "ezV-Info.plist"; sourceTree = "<group>"; };
		34D1945F1747E5B800193599 /* en */ = {isa = PBXFileReference; lastKnownFileType = text.plist.strings; name = en; path = en.lproj/InfoPlist.strings; sourceTree = "<group>"; };
		34D194611747E5B800193599 /* main.m */ = {isa = PBXFileReference; lastKnownFileType = sourcecode.c.objc; path = main.m; sourceTree = "<group>"; };
		34D194631747E5B800193599 /* ezV-Prefix.pch */ = {isa = PBXFileReference; lastKnownFileType = sourcecode.c.h; path = "ezV-Prefix.pch"; sourceTree = "<group>"; };
		34D194641747E5B800193599 /* AppDelegate.h */ = {isa = PBXFileReference; lastKnownFileType = sourcecode.c.h; path = AppDelegate.h; sourceTree = "<group>"; };
		34D194651747E5B800193599 /* AppDelegate.m */ = {isa = PBXFileReference; lastKnownFileType = sourcecode.c.objc; path = AppDelegate.m; sourceTree = "<group>"; };
		34D194671747E5B800193599 /* Default.png */ = {isa = PBXFileReference; lastKnownFileType = image.png; path = Default.png; sourceTree = "<group>"; };
		34D194691747E5B800193599 /* Default@2x.png */ = {isa = PBXFileReference; lastKnownFileType = image.png; path = "Default@2x.png"; sourceTree = "<group>"; };
		34D1946B1747E5B800193599 /* Default-568h@2x.png */ = {isa = PBXFileReference; lastKnownFileType = image.png; path = "Default-568h@2x.png"; sourceTree = "<group>"; };
		5F2DF9BF1766D51300B33FE6 /* databaseList.h */ = {isa = PBXFileReference; fileEncoding = 4; lastKnownFileType = sourcecode.c.h; path = databaseList.h; sourceTree = "<group>"; };
		5F2DF9C01766D51300B33FE6 /* databaseList.m */ = {isa = PBXFileReference; fileEncoding = 4; lastKnownFileType = sourcecode.c.objc; path = databaseList.m; sourceTree = "<group>"; };
		5F2DF9C11766D51300B33FE6 /* myDatabaseList.h */ = {isa = PBXFileReference; fileEncoding = 4; lastKnownFileType = sourcecode.c.h; path = myDatabaseList.h; sourceTree = "<group>"; };
		5F2DF9C21766D51300B33FE6 /* myDatabaseList.m */ = {isa = PBXFileReference; fileEncoding = 4; lastKnownFileType = sourcecode.c.objc; path = myDatabaseList.m; sourceTree = "<group>"; };
		5F2DF9C71766D55200B33FE6 /* libsqlite3.0.dylib */ = {isa = PBXFileReference; lastKnownFileType = "compiled.mach-o.dylib"; name = libsqlite3.0.dylib; path = usr/lib/libsqlite3.0.dylib; sourceTree = SDKROOT; };
		5F2DF9CA1766E31B00B33FE6 /* NSMutableData_LanguageLayout.h */ = {isa = PBXFileReference; lastKnownFileType = sourcecode.c.h; path = NSMutableData_LanguageLayout.h; sourceTree = "<group>"; };
		5F2DF9D717671CA800B33FE6 /* DataLanguages.sqlite */ = {isa = PBXFileReference; lastKnownFileType = file; path = DataLanguages.sqlite; sourceTree = "<group>"; };
		5F64CCDF1774ADC200A5B372 /* icon(57x57).png */ = {isa = PBXFileReference; lastKnownFileType = image.png; path = "icon(57x57).png"; sourceTree = "<group>"; };
		5F8F78E817640D68006820B4 /* RegisterView.h */ = {isa = PBXFileReference; fileEncoding = 4; lastKnownFileType = sourcecode.c.h; path = RegisterView.h; sourceTree = "<group>"; };
		5F8F78E917640D68006820B4 /* RegisterView.m */ = {isa = PBXFileReference; fileEncoding = 4; lastKnownFileType = sourcecode.c.objc; path = RegisterView.m; sourceTree = "<group>"; };
		5F9448781768DB9E005F125A /* LanguageVC.h */ = {isa = PBXFileReference; fileEncoding = 4; lastKnownFileType = sourcecode.c.h; path = LanguageVC.h; sourceTree = "<group>"; };
		5F9448791768DB9E005F125A /* LanguageVC.m */ = {isa = PBXFileReference; fileEncoding = 4; lastKnownFileType = sourcecode.c.objc; path = LanguageVC.m; sourceTree = "<group>"; };
		5F94487A1768DB9E005F125A /* LanguageVC.xib */ = {isa = PBXFileReference; fileEncoding = 4; lastKnownFileType = file.xib; path = LanguageVC.xib; sourceTree = "<group>"; };
		5F94487D1768DC6C005F125A /* LanguageVC_iphone.xib */ = {isa = PBXFileReference; fileEncoding = 4; lastKnownFileType = file.xib; name = LanguageVC_iphone.xib; path = ../LanguageVC_iphone.xib; sourceTree = "<group>"; };
		5F96688A176691B3007B1DC5 /* coursesViewController.h */ = {isa = PBXFileReference; fileEncoding = 4; lastKnownFileType = sourcecode.c.h; path = coursesViewController.h; sourceTree = "<group>"; };
		5F96688B176691B3007B1DC5 /* coursesViewController.m */ = {isa = PBXFileReference; fileEncoding = 4; lastKnownFileType = sourcecode.c.objc; path = coursesViewController.m; sourceTree = "<group>"; };
		5F96688C176691B3007B1DC5 /* coursesViewController.xib */ = {isa = PBXFileReference; fileEncoding = 4; lastKnownFileType = file.xib; path = coursesViewController.xib; sourceTree = "<group>"; };
		5F966891176691E4007B1DC5 /* coursesViewController_iphone.xib */ = {isa = PBXFileReference; fileEncoding = 4; lastKnownFileType = file.xib; path = coursesViewController_iphone.xib; sourceTree = "<group>"; };
		5F972DBB1763F4DF00412211 /* LoginLayout.h */ = {isa = PBXFileReference; fileEncoding = 4; lastKnownFileType = sourcecode.c.h; path = LoginLayout.h; sourceTree = "<group>"; };
		5F972DBC1764066400412211 /* SettingManager.h */ = {isa = PBXFileReference; fileEncoding = 4; lastKnownFileType = sourcecode.c.h; path = SettingManager.h; sourceTree = "<group>"; };
		5F972DBD1764066400412211 /* SettingManager.m */ = {isa = PBXFileReference; fileEncoding = 4; lastKnownFileType = sourcecode.c.objc; path = SettingManager.m; sourceTree = "<group>"; };
		5F972DBF1764091D00412211 /* checkbox-checked.png */ = {isa = PBXFileReference; lastKnownFileType = image.png; path = "checkbox-checked.png"; sourceTree = "<group>"; };
		5F972DC01764091D00412211 /* checkbox.png */ = {isa = PBXFileReference; lastKnownFileType = image.png; path = checkbox.png; sourceTree = "<group>"; };
		5F980F8617659E90002AF7C8 /* RegisterView.xib */ = {isa = PBXFileReference; fileEncoding = 4; lastKnownFileType = file.xib; path = RegisterView.xib; sourceTree = "<group>"; };
		5FDE3024176385DB007F2A16 /* DataParse.h */ = {isa = PBXFileReference; fileEncoding = 4; lastKnownFileType = sourcecode.c.h; path = DataParse.h; sourceTree = "<group>"; };
		5FDE3025176385DB007F2A16 /* DataParse.m */ = {isa = PBXFileReference; fileEncoding = 4; lastKnownFileType = sourcecode.c.objc; path = DataParse.m; sourceTree = "<group>"; };
		5FDE3026176385DB007F2A16 /* JSONKit.h */ = {isa = PBXFileReference; fileEncoding = 4; lastKnownFileType = sourcecode.c.h; path = JSONKit.h; sourceTree = "<group>"; };
		5FDE3027176385DB007F2A16 /* JSONKit.m */ = {isa = PBXFileReference; fileEncoding = 4; lastKnownFileType = sourcecode.c.objc; path = JSONKit.m; sourceTree = "<group>"; };
		5FF4CD9A17892C9C0076D12F /* 57.png */ = {isa = PBXFileReference; lastKnownFileType = image.png; path = 57.png; sourceTree = "<group>"; };
		5FF4CD9C17892CA00076D12F /* 114.png */ = {isa = PBXFileReference; lastKnownFileType = image.png; path = 114.png; sourceTree = "<group>"; };
		5FFDC87517613499007B19E0 /* MenuView.h */ = {isa = PBXFileReference; fileEncoding = 4; lastKnownFileType = sourcecode.c.h; path = MenuView.h; sourceTree = "<group>"; };
		5FFDC87617613499007B19E0 /* MenuView.m */ = {isa = PBXFileReference; fileEncoding = 4; lastKnownFileType = sourcecode.c.objc; path = MenuView.m; sourceTree = "<group>"; };
		5FFDC87C1761417A007B19E0 /* MenuView_iphone.xib */ = {isa = PBXFileReference; fileEncoding = 4; lastKnownFileType = file.xib; path = MenuView_iphone.xib; sourceTree = "<group>"; };
		5FFDC87E176141A9007B19E0 /* MenuView_ipad.xib */ = {isa = PBXFileReference; fileEncoding = 4; lastKnownFileType = file.xib; path = MenuView_ipad.xib; sourceTree = "<group>"; };
		5FFDC88B17614ADE007B19E0 /* TestViewController.h */ = {isa = PBXFileReference; fileEncoding = 4; lastKnownFileType = sourcecode.c.h; path = TestViewController.h; sourceTree = "<group>"; };
		5FFDC88C17614ADE007B19E0 /* TestViewController.m */ = {isa = PBXFileReference; fileEncoding = 4; lastKnownFileType = sourcecode.c.objc; path = TestViewController.m; sourceTree = "<group>"; };
		5FFDC88D17614ADE007B19E0 /* TestViewController_ipad.xib */ = {isa = PBXFileReference; fileEncoding = 4; lastKnownFileType = file.xib; path = TestViewController_ipad.xib; sourceTree = "<group>"; };
		5FFDC89017614AF6007B19E0 /* SettingViewController.h */ = {isa = PBXFileReference; fileEncoding = 4; lastKnownFileType = sourcecode.c.h; path = SettingViewController.h; sourceTree = "<group>"; };
		5FFDC89117614AF6007B19E0 /* SettingViewController.m */ = {isa = PBXFileReference; fileEncoding = 4; lastKnownFileType = sourcecode.c.objc; path = SettingViewController.m; sourceTree = "<group>"; };
		5FFDC89217614AF6007B19E0 /* SettingViewController.xib */ = {isa = PBXFileReference; fileEncoding = 4; lastKnownFileType = file.xib; path = SettingViewController.xib; sourceTree = "<group>"; };
		5FFDC89517614B22007B19E0 /* IntroViewController.h */ = {isa = PBXFileReference; fileEncoding = 4; lastKnownFileType = sourcecode.c.h; path = IntroViewController.h; sourceTree = "<group>"; };
		5FFDC89617614B22007B19E0 /* IntroViewController.m */ = {isa = PBXFileReference; fileEncoding = 4; lastKnownFileType = sourcecode.c.objc; path = IntroViewController.m; sourceTree = "<group>"; };
		5FFDC89717614B22007B19E0 /* IntroViewController.xib */ = {isa = PBXFileReference; fileEncoding = 4; lastKnownFileType = file.xib; path = IntroViewController.xib; sourceTree = "<group>"; };
		5FFDC89A17614B5F007B19E0 /* LearnViewController.h */ = {isa = PBXFileReference; fileEncoding = 4; lastKnownFileType = sourcecode.c.h; path = LearnViewController.h; sourceTree = "<group>"; };
		5FFDC89B17614B5F007B19E0 /* LearnViewController.m */ = {isa = PBXFileReference; fileEncoding = 4; lastKnownFileType = sourcecode.c.objc; path = LearnViewController.m; sourceTree = "<group>"; };
		5FFDC89C17614B5F007B19E0 /* LearnViewController_ipad.xib */ = {isa = PBXFileReference; fileEncoding = 4; lastKnownFileType = file.xib; path = LearnViewController_ipad.xib; sourceTree = "<group>"; };
		5FFDC89F17614B75007B19E0 /* LearnViewController_iphone.xib */ = {isa = PBXFileReference; fileEncoding = 4; lastKnownFileType = file.xib; path = LearnViewController_iphone.xib; sourceTree = "<group>"; };
		5FFDC8A117614BF0007B19E0 /* TestViewController_iphone.xib */ = {isa = PBXFileReference; fileEncoding = 4; lastKnownFileType = file.xib; path = TestViewController_iphone.xib; sourceTree = "<group>"; };
		5FFDD254176978EB00BDB7F6 /* sound_off.png */ = {isa = PBXFileReference; lastKnownFileType = image.png; path = sound_off.png; sourceTree = "<group>"; };
		5FFDD255176978EB00BDB7F6 /* sound_on.png */ = {isa = PBXFileReference; lastKnownFileType = image.png; path = sound_on.png; sourceTree = "<group>"; };
/* End PBXFileReference section */

/* Begin PBXFrameworksBuildPhase section */
		34D1944F1747E5B800193599 /* Frameworks */ = {
			isa = PBXFrameworksBuildPhase;
			buildActionMask = 2147483647;
			files = (
				5F2DF9C81766D55300B33FE6 /* libsqlite3.0.dylib in Frameworks */,
				34D194561747E5B800193599 /* UIKit.framework in Frameworks */,
				34D194581747E5B800193599 /* Foundation.framework in Frameworks */,
				34D1945A1747E5B800193599 /* CoreGraphics.framework in Frameworks */,
			);
			runOnlyForDeploymentPostprocessing = 0;
		};
/* End PBXFrameworksBuildPhase section */

/* Begin PBXGroup section */
		34D194491747E5B800193599 = {
			isa = PBXGroup;
			children = (
				5FF4CD9C17892CA00076D12F /* 114.png */,
				5FF4CD9A17892C9C0076D12F /* 57.png */,
				5F64CCDF1774ADC200A5B372 /* icon(57x57).png */,
				34D1945B1747E5B800193599 /* ezV */,
				34D194541747E5B800193599 /* Frameworks */,
				34D194531747E5B800193599 /* Products */,
			);
			sourceTree = "<group>";
		};
		34D194531747E5B800193599 /* Products */ = {
			isa = PBXGroup;
			children = (
				34D194521747E5B800193599 /* ezV.app */,
			);
			name = Products;
			sourceTree = "<group>";
		};
		34D194541747E5B800193599 /* Frameworks */ = {
			isa = PBXGroup;
			children = (
				5F2DF9C71766D55200B33FE6 /* libsqlite3.0.dylib */,
				34D194551747E5B800193599 /* UIKit.framework */,
				34D194571747E5B800193599 /* Foundation.framework */,
				34D194591747E5B800193599 /* CoreGraphics.framework */,
			);
			name = Frameworks;
			sourceTree = "<group>";
		};
		34D1945B1747E5B800193599 /* ezV */ = {
			isa = PBXGroup;
			children = (
				5F9668891766918B007B1DC5 /* select courses view */,
				5F972DBA1763F4B700412211 /* Layout */,
				5FDE3023176385B3007F2A16 /* Data parse */,
				5F925FA4176304F7007E4DA7 /* Datalanguages */,
				5FFDC88517614AA0007B19E0 /* IntroView */,
				5FFDC88417614A89007B19E0 /* SettingView */,
				5FFDC88317614A82007B19E0 /* TestView */,
				5FFDC88217614A7A007B19E0 /* LearnView */,
				5FFDC8811761487C007B19E0 /* LoginView */,
				5FFDC88017614868007B19E0 /* MenuView */,
				34D1945C1747E5B800193599 /* Supporting Files */,
				34D194641747E5B800193599 /* AppDelegate.h */,
				5F972DBC1764066400412211 /* SettingManager.h */,
				5F972DBD1764066400412211 /* SettingManager.m */,
				34D194651747E5B800193599 /* AppDelegate.m */,
			);
			path = ezV;
			sourceTree = "<group>";
		};
		34D1945C1747E5B800193599 /* Supporting Files */ = {
			isa = PBXGroup;
			children = (
				5F972DBF1764091D00412211 /* checkbox-checked.png */,
				5FFDD254176978EB00BDB7F6 /* sound_off.png */,
				5FFDD255176978EB00BDB7F6 /* sound_on.png */,
				5F972DC01764091D00412211 /* checkbox.png */,
				34D1945D1747E5B800193599 /* ezV-Info.plist */,
				34D1945E1747E5B800193599 /* InfoPlist.strings */,
				34D194611747E5B800193599 /* main.m */,
				34D194631747E5B800193599 /* ezV-Prefix.pch */,
				34D194671747E5B800193599 /* Default.png */,
				34D194691747E5B800193599 /* Default@2x.png */,
				34D1946B1747E5B800193599 /* Default-568h@2x.png */,
			);
			name = "Supporting Files";
			sourceTree = "<group>";
		};
		5F925FA4176304F7007E4DA7 /* Datalanguages */ = {
			isa = PBXGroup;
			children = (
				5F2DF9BF1766D51300B33FE6 /* databaseList.h */,
				5F2DF9C01766D51300B33FE6 /* databaseList.m */,
				5F2DF9C11766D51300B33FE6 /* myDatabaseList.h */,
				5F2DF9C21766D51300B33FE6 /* myDatabaseList.m */,
				5F2DF9D717671CA800B33FE6 /* DataLanguages.sqlite */,
			);
			name = Datalanguages;
			sourceTree = "<group>";
		};
		5F9668891766918B007B1DC5 /* select courses view */ = {
			isa = PBXGroup;
			children = (
				5F96688A176691B3007B1DC5 /* coursesViewController.h */,
				5F96688B176691B3007B1DC5 /* coursesViewController.m */,
				5F96688C176691B3007B1DC5 /* coursesViewController.xib */,
				5F966891176691E4007B1DC5 /* coursesViewController_iphone.xib */,
			);
			name = "select courses view";
			sourceTree = "<group>";
		};
		5F972DBA1763F4B700412211 /* Layout */ = {
			isa = PBXGroup;
			children = (
				5F972DBB1763F4DF00412211 /* LoginLayout.h */,
				5F2DF9CA1766E31B00B33FE6 /* NSMutableData_LanguageLayout.h */,
			);
			name = Layout;
			sourceTree = "<group>";
		};
		5FDE3023176385B3007F2A16 /* Data parse */ = {
			isa = PBXGroup;
			children = (
				5FDE3024176385DB007F2A16 /* DataParse.h */,
				5FDE3025176385DB007F2A16 /* DataParse.m */,
				5FDE3026176385DB007F2A16 /* JSONKit.h */,
				5FDE3027176385DB007F2A16 /* JSONKit.m */,
			);
			name = "Data parse";
			sourceTree = "<group>";
		};
		5FFDC88017614868007B19E0 /* MenuView */ = {
			isa = PBXGroup;
			children = (
				5FFDC87517613499007B19E0 /* MenuView.h */,
				5FFDC87617613499007B19E0 /* MenuView.m */,
				5FFDC87E176141A9007B19E0 /* MenuView_ipad.xib */,
				5FFDC87C1761417A007B19E0 /* MenuView_iphone.xib */,
				5F9448781768DB9E005F125A /* LanguageVC.h */,
				5F9448791768DB9E005F125A /* LanguageVC.m */,
				5F94487A1768DB9E005F125A /* LanguageVC.xib */,
				5F94487D1768DC6C005F125A /* LanguageVC_iphone.xib */,
			);
			name = MenuView;
			sourceTree = "<group>";
		};
		5FFDC8811761487C007B19E0 /* LoginView */ = {
			isa = PBXGroup;
			children = (
				5F8F78E817640D68006820B4 /* RegisterView.h */,
				5F8F78E917640D68006820B4 /* RegisterView.m */,
				5F980F8617659E90002AF7C8 /* RegisterView.xib */,
				34647F5F1748323C00171D12 /* LoginViewController.h */,
				34647F601748323C00171D12 /* LoginViewController.m */,
				34647F611748323C00171D12 /* LoginViewController_ipad.xib */,
				34647F64174838B100171D12 /* LoginViewController_iphone.xib */,
			);
			name = LoginView;
			sourceTree = "<group>";
		};
		5FFDC88217614A7A007B19E0 /* LearnView */ = {
			isa = PBXGroup;
			children = (
				5FFDC89A17614B5F007B19E0 /* LearnViewController.h */,
				5FFDC89B17614B5F007B19E0 /* LearnViewController.m */,
				5FFDC89C17614B5F007B19E0 /* LearnViewController_ipad.xib */,
				5FFDC89F17614B75007B19E0 /* LearnViewController_iphone.xib */,
			);
			name = LearnView;
			sourceTree = "<group>";
		};
		5FFDC88317614A82007B19E0 /* TestView */ = {
			isa = PBXGroup;
			children = (
				5FFDC88B17614ADE007B19E0 /* TestViewController.h */,
				5FFDC88C17614ADE007B19E0 /* TestViewController.m */,
				5FFDC88D17614ADE007B19E0 /* TestViewController_ipad.xib */,
				5FFDC8A117614BF0007B19E0 /* TestViewController_iphone.xib */,
			);
			name = TestView;
			sourceTree = "<group>";
		};
		5FFDC88417614A89007B19E0 /* SettingView */ = {
			isa = PBXGroup;
			children = (
				5FFDC89017614AF6007B19E0 /* SettingViewController.h */,
				5FFDC89117614AF6007B19E0 /* SettingViewController.m */,
				5FFDC89217614AF6007B19E0 /* SettingViewController.xib */,
			);
			name = SettingView;
			sourceTree = "<group>";
		};
		5FFDC88517614AA0007B19E0 /* IntroView */ = {
			isa = PBXGroup;
			children = (
				5FFDC89517614B22007B19E0 /* IntroViewController.h */,
				5FFDC89617614B22007B19E0 /* IntroViewController.m */,
				5FFDC89717614B22007B19E0 /* IntroViewController.xib */,
			);
			name = IntroView;
			sourceTree = "<group>";
		};
/* End PBXGroup section */

/* Begin PBXNativeTarget section */
		34D194511747E5B800193599 /* ezV */ = {
			isa = PBXNativeTarget;
			buildConfigurationList = 34D1946F1747E5B800193599 /* Build configuration list for PBXNativeTarget "ezV" */;
			buildPhases = (
				34D1944E1747E5B800193599 /* Sources */,
				34D1944F1747E5B800193599 /* Frameworks */,
				34D194501747E5B800193599 /* Resources */,
			);
			buildRules = (
			);
			dependencies = (
			);
			name = ezV;
			productName = ezV;
			productReference = 34D194521747E5B800193599 /* ezV.app */;
			productType = "com.apple.product-type.application";
		};
/* End PBXNativeTarget section */

/* Begin PBXProject section */
		34D1944A1747E5B800193599 /* Project object */ = {
			isa = PBXProject;
			attributes = {
				LastUpgradeCheck = 0460;
				ORGANIZATIONNAME = ezV;
			};
			buildConfigurationList = 34D1944D1747E5B800193599 /* Build configuration list for PBXProject "ezV" */;
			compatibilityVersion = "Xcode 3.2";
			developmentRegion = English;
			hasScannedForEncodings = 0;
			knownRegions = (
				en,
			);
			mainGroup = 34D194491747E5B800193599;
			productRefGroup = 34D194531747E5B800193599 /* Products */;
			projectDirPath = "";
			projectRoot = "";
			targets = (
				34D194511747E5B800193599 /* ezV */,
			);
		};
/* End PBXProject section */

/* Begin PBXResourcesBuildPhase section */
		34D194501747E5B800193599 /* Resources */ = {
			isa = PBXResourcesBuildPhase;
			buildActionMask = 2147483647;
			files = (
				34D194601747E5B800193599 /* InfoPlist.strings in Resources */,
				34D194681747E5B800193599 /* Default.png in Resources */,
				34D1946A1747E5B800193599 /* Default@2x.png in Resources */,
				34D1946C1747E5B800193599 /* Default-568h@2x.png in Resources */,
				34647F631748323C00171D12 /* LoginViewController_ipad.xib in Resources */,
				34647F65174838B100171D12 /* LoginViewController_iphone.xib in Resources */,
				5FFDC87D1761417A007B19E0 /* MenuView_iphone.xib in Resources */,
				5FFDC87F176141A9007B19E0 /* MenuView_ipad.xib in Resources */,
				5FFDC88F17614ADE007B19E0 /* TestViewController_ipad.xib in Resources */,
				5FFDC89417614AF6007B19E0 /* SettingViewController.xib in Resources */,
				5FFDC89917614B22007B19E0 /* IntroViewController.xib in Resources */,
				5FFDC89E17614B5F007B19E0 /* LearnViewController_ipad.xib in Resources */,
				5FFDC8A017614B75007B19E0 /* LearnViewController_iphone.xib in Resources */,
				5FFDC8A217614BF0007B19E0 /* TestViewController_iphone.xib in Resources */,
				5F972DC11764091D00412211 /* checkbox-checked.png in Resources */,
				5F972DC21764091D00412211 /* checkbox.png in Resources */,
				5F980F8717659E90002AF7C8 /* RegisterView.xib in Resources */,
				5F96688E176691B3007B1DC5 /* coursesViewController.xib in Resources */,
				5F966892176691E4007B1DC5 /* coursesViewController_iphone.xib in Resources */,
				5F2DF9D817671CA900B33FE6 /* DataLanguages.sqlite in Resources */,
				5F94487C1768DB9E005F125A /* LanguageVC.xib in Resources */,
				5F94487E1768DC6C005F125A /* LanguageVC_iphone.xib in Resources */,
				5FFDD256176978EB00BDB7F6 /* sound_off.png in Resources */,
				5FFDD257176978EB00BDB7F6 /* sound_on.png in Resources */,
				5FF4CD9B17892C9C0076D12F /* 57.png in Resources */,
				5FF4CD9D17892CA00076D12F /* 114.png in Resources */,
			);
			runOnlyForDeploymentPostprocessing = 0;
		};
/* End PBXResourcesBuildPhase section */

/* Begin PBXSourcesBuildPhase section */
		34D1944E1747E5B800193599 /* Sources */ = {
			isa = PBXSourcesBuildPhase;
			buildActionMask = 2147483647;
			files = (
				34D194621747E5B800193599 /* main.m in Sources */,
				34D194661747E5B800193599 /* AppDelegate.m in Sources */,
				34647F621748323C00171D12 /* LoginViewController.m in Sources */,
				5FFDC87817613499007B19E0 /* MenuView.m in Sources */,
				5FFDC88E17614ADE007B19E0 /* TestViewController.m in Sources */,
				5FFDC89317614AF6007B19E0 /* SettingViewController.m in Sources */,
				5FFDC89817614B22007B19E0 /* IntroViewController.m in Sources */,
				5FFDC89D17614B5F007B19E0 /* LearnViewController.m in Sources */,
				5FDE3028176385DB007F2A16 /* DataParse.m in Sources */,
				5FDE3029176385DB007F2A16 /* JSONKit.m in Sources */,
				5F972DBE1764066400412211 /* SettingManager.m in Sources */,
				5F8F78EB17640D68006820B4 /* RegisterView.m in Sources */,
				5F96688D176691B3007B1DC5 /* coursesViewController.m in Sources */,
				5F2DF9C31766D51300B33FE6 /* databaseList.m in Sources */,
				5F2DF9C41766D51300B33FE6 /* myDatabaseList.m in Sources */,
				5F94487B1768DB9E005F125A /* LanguageVC.m in Sources */,
			);
			runOnlyForDeploymentPostprocessing = 0;
		};
/* End PBXSourcesBuildPhase section */

/* Begin PBXVariantGroup section */
		34D1945E1747E5B800193599 /* InfoPlist.strings */ = {
			isa = PBXVariantGroup;
			children = (
				34D1945F1747E5B800193599 /* en */,
			);
			name = InfoPlist.strings;
			sourceTree = "<group>";
		};
/* End PBXVariantGroup section */

/* Begin XCBuildConfiguration section */
		34D1946D1747E5B800193599 /* Debug */ = {
			isa = XCBuildConfiguration;
			buildSettings = {
				ALWAYS_SEARCH_USER_PATHS = NO;
				CLANG_CXX_LANGUAGE_STANDARD = "gnu++0x";
				CLANG_CXX_LIBRARY = "libc++";
				CLANG_ENABLE_OBJC_ARC = YES;
				CLANG_WARN_CONSTANT_CONVERSION = YES;
				CLANG_WARN_EMPTY_BODY = YES;
				CLANG_WARN_ENUM_CONVERSION = YES;
				CLANG_WARN_INT_CONVERSION = YES;
				CLANG_WARN__DUPLICATE_METHOD_MATCH = YES;
				"CODE_SIGN_IDENTITY[sdk=iphoneos*]" = "iPhone Developer";
				COPY_PHASE_STRIP = NO;
				GCC_C_LANGUAGE_STANDARD = gnu99;
				GCC_DYNAMIC_NO_PIC = NO;
				GCC_OPTIMIZATION_LEVEL = 0;
				GCC_PREPROCESSOR_DEFINITIONS = (
					"DEBUG=1",
					"$(inherited)",
				);
				GCC_SYMBOLS_PRIVATE_EXTERN = NO;
				GCC_WARN_ABOUT_RETURN_TYPE = YES;
				GCC_WARN_UNINITIALIZED_AUTOS = YES;
				GCC_WARN_UNUSED_VARIABLE = YES;
				IPHONEOS_DEPLOYMENT_TARGET = 6.1;
				ONLY_ACTIVE_ARCH = YES;
				SDKROOT = iphoneos;
			};
			name = Debug;
		};
		34D1946E1747E5B800193599 /* Release */ = {
			isa = XCBuildConfiguration;
			buildSettings = {
				ALWAYS_SEARCH_USER_PATHS = NO;
				CLANG_CXX_LANGUAGE_STANDARD = "gnu++0x";
				CLANG_CXX_LIBRARY = "libc++";
				CLANG_ENABLE_OBJC_ARC = YES;
				CLANG_WARN_CONSTANT_CONVERSION = YES;
				CLANG_WARN_EMPTY_BODY = YES;
				CLANG_WARN_ENUM_CONVERSION = YES;
				CLANG_WARN_INT_CONVERSION = YES;
				CLANG_WARN__DUPLICATE_METHOD_MATCH = YES;
				"CODE_SIGN_IDENTITY[sdk=iphoneos*]" = "iPhone Developer";
				COPY_PHASE_STRIP = YES;
				GCC_C_LANGUAGE_STANDARD = gnu99;
				GCC_WARN_ABOUT_RETURN_TYPE = YES;
				GCC_WARN_UNINITIALIZED_AUTOS = YES;
				GCC_WARN_UNUSED_VARIABLE = YES;
				IPHONEOS_DEPLOYMENT_TARGET = 6.1;
				OTHER_CFLAGS = "-DNS_BLOCK_ASSERTIONS=1";
				SDKROOT = iphoneos;
				VALIDATE_PRODUCT = YES;
			};
			name = Release;
		};
		34D194701747E5B800193599 /* Debug */ = {
			isa = XCBuildConfiguration;
			buildSettings = {
				GCC_PRECOMPILE_PREFIX_HEADER = YES;
				GCC_PREFIX_HEADER = "ezV/ezV-Prefix.pch";
				INFOPLIST_FILE = "ezV/ezV-Info.plist";
				IPHONEOS_DEPLOYMENT_TARGET = 4.3;
				PRODUCT_NAME = "$(TARGET_NAME)";
				TARGETED_DEVICE_FAMILY = "1,2";
				WRAPPER_EXTENSION = app;
			};
			name = Debug;
		};
		34D194711747E5B800193599 /* Release */ = {
			isa = XCBuildConfiguration;
			buildSettings = {
				GCC_PRECOMPILE_PREFIX_HEADER = YES;
				GCC_PREFIX_HEADER = "ezV/ezV-Prefix.pch";
				INFOPLIST_FILE = "ezV/ezV-Info.plist";
				IPHONEOS_DEPLOYMENT_TARGET = 4.3;
				PRODUCT_NAME = "$(TARGET_NAME)";
				TARGETED_DEVICE_FAMILY = "1,2";
				WRAPPER_EXTENSION = app;
			};
			name = Release;
		};
/* End XCBuildConfiguration section */

/* Begin XCConfigurationList section */
		34D1944D1747E5B800193599 /* Build configuration list for PBXProject "ezV" */ = {
			isa = XCConfigurationList;
			buildConfigurations = (
				34D1946D1747E5B800193599 /* Debug */,
				34D1946E1747E5B800193599 /* Release */,
			);
			defaultConfigurationIsVisible = 0;
			defaultConfigurationName = Release;
		};
		34D1946F1747E5B800193599 /* Build configuration list for PBXNativeTarget "ezV" */ = {
			isa = XCConfigurationList;
			buildConfigurations = (
				34D194701747E5B800193599 /* Debug */,
				34D194711747E5B800193599 /* Release */,
			);
			defaultConfigurationIsVisible = 0;
			defaultConfigurationName = Release;
		};
/* End XCConfigurationList section */
	};
	rootObject = 34D1944A1747E5B800193599 /* Project object */;
}
